// !$*UTF8*$!
{
	archiveVersion = 1;
	classes = {
	};
	objectVersion = 77;
	objects = {

/* Begin PBXBuildFile section */
		01BAB7E72FBDBDEA002D9CC4 /* WidgetKit.framework in Frameworks */ = {isa = PBXBuildFile; fileRef = 01BAB7E62FBDBDE9002D9CC4 /* WidgetKit.framework */; };
		01BAB7E92FBDBDEA002D9CC4 /* SwiftUI.framework in Frameworks */ = {isa = PBXBuildFile; fileRef = 01BAB7E82FBDBDEA002D9CC4 /* SwiftUI.framework */; };
		01BAB7FA2FBDBDF0002D9CC4 /* widgetstudioExtension.appex in Embed Foundation Extensions */ = {isa = PBXBuildFile; fileRef = 01BAB7E42FBDBDE8002D9CC4 /* widgetstudioExtension.appex */; settings = {ATTRIBUTES = (RemoveHeadersOnCopy, ); }; };
		01CF6C3C2FE482A600C1B37C /* AppIntents.framework in Frameworks */ = {isa = PBXBuildFile; fileRef = 01CF6C3B2FE482A600C1B37C /* AppIntents.framework */; };
		01CF6CDB2FE54BB200C1B37C /* WidgetKit.framework in Frameworks */ = {isa = PBXBuildFile; fileRef = 01BAB7E62FBDBDE9002D9CC4 /* WidgetKit.framework */; };
		01CF6CDC2FE54BB200C1B37C /* SwiftUI.framework in Frameworks */ = {isa = PBXBuildFile; fileRef = 01BAB7E82FBDBDEA002D9CC4 /* SwiftUI.framework */; };
		01CF6CEB2FE54BB300C1B37C /* StudioWatchComplicationExtension.appex in Embed Foundation Extensions */ = {isa = PBXBuildFile; fileRef = 01CF6CDA2FE54BB200C1B37C /* StudioWatchComplicationExtension.appex */; settings = {ATTRIBUTES = (RemoveHeadersOnCopy, ); }; };
		01CF6D072FE5954B00C1B37C /* StudioIntents.swift in Sources */ = {isa = PBXBuildFile; fileRef = 01CF6D052FE5951C00C1B37C /* StudioIntents.swift */; };
		01CF6D082FE5954B00C1B37C /* StudioIntents.swift in Sources */ = {isa = PBXBuildFile; fileRef = 01CF6D052FE5951C00C1B37C /* StudioIntents.swift */; };
		01E5B6462FE6A0670047530A /* Studio Watch App Watch App.app in Embed Watch Content */ = {isa = PBXBuildFile; fileRef = 01CF6CCB2FE54B8800C1B37C /* Studio Watch App Watch App.app */; settings = {ATTRIBUTES = (RemoveHeadersOnCopy, ); }; };
/* End PBXBuildFile section */

/* Begin PBXContainerItemProxy section */
		01BAB7F82FBDBDF0002D9CC4 /* PBXContainerItemProxy */ = {
			isa = PBXContainerItemProxy;
			containerPortal = 01BAB7CA2FBDBD42002D9CC4 /* Project object */;
			proxyType = 1;
			remoteGlobalIDString = 01BAB7E32FBDBDE8002D9CC4;
			remoteInfo = widgetstudioExtension;
		};
		01CF6CE92FE54BB300C1B37C /* PBXContainerItemProxy */ = {
			isa = PBXContainerItemProxy;
			containerPortal = 01BAB7CA2FBDBD42002D9CC4 /* Project object */;
			proxyType = 1;
			remoteGlobalIDString = 01CF6CD92FE54BB200C1B37C;
			remoteInfo = StudioWatchComplicationExtension;
		};
		01E5B6472FE6A0910047530A /* PBXContainerItemProxy */ = {
			isa = PBXContainerItemProxy;
			containerPortal = 01BAB7CA2FBDBD42002D9CC4 /* Project object */;
			proxyType = 1;
			remoteGlobalIDString = 01CF6CCA2FE54B8800C1B37C;
			remoteInfo = "Studio Watch App Watch App";
		};
/* End PBXContainerItemProxy section */

/* Begin PBXCopyFilesBuildPhase section */
		01BAB7FF2FBDBDF0002D9CC4 /* Embed Foundation Extensions */ = {
			isa = PBXCopyFilesBuildPhase;
			buildActionMask = 2147483647;
			dstPath = "";
			dstSubfolderSpec = 13;
			files = (
				01BAB7FA2FBDBDF0002D9CC4 /* widgetstudioExtension.appex in Embed Foundation Extensions */,
			);
			name = "Embed Foundation Extensions";
			runOnlyForDeploymentPostprocessing = 0;
		};
		01CF6C992FE54A9700C1B37C /* Embed Watch Content */ = {
			isa = PBXCopyFilesBuildPhase;
			buildActionMask = 2147483647;
			dstPath = "$(CONTENTS_FOLDER_PATH)/Watch";
			dstSubfolderSpec = 16;
			files = (
				01E5B6462FE6A0670047530A /* Studio Watch App Watch App.app in Embed Watch Content */,
			);
			name = "Embed Watch Content";
			runOnlyForDeploymentPostprocessing = 0;
		};
		01CF6CF02FE54BB300C1B37C /* Embed Foundation Extensions */ = {
			isa = PBXCopyFilesBuildPhase;
			buildActionMask = 2147483647;
			dstPath = "";
			dstSubfolderSpec = 13;
			files = (
				01CF6CEB2FE54BB300C1B37C /* StudioWatchComplicationExtension.appex in Embed Foundation Extensions */,
			);
			name = "Embed Foundation Extensions";
			runOnlyForDeploymentPostprocessing = 0;
		};
/* End PBXCopyFilesBuildPhase section */

/* Begin PBXFileReference section */
		01BAB7D22FBDBD42002D9CC4 /* studio.app */ = {isa = PBXFileReference; explicitFileType = wrapper.application; includeInIndex = 0; path = studio.app; sourceTree = BUILT_PRODUCTS_DIR; };
		01BAB7E42FBDBDE8002D9CC4 /* widgetstudioExtension.appex */ = {isa = PBXFileReference; explicitFileType = "wrapper.app-extension"; includeInIndex = 0; path = widgetstudioExtension.appex; sourceTree = BUILT_PRODUCTS_DIR; };
		01BAB7E62FBDBDE9002D9CC4 /* WidgetKit.framework */ = {isa = PBXFileReference; lastKnownFileType = wrapper.framework; name = WidgetKit.framework; path = System/Library/Frameworks/WidgetKit.framework; sourceTree = SDKROOT; };
		01BAB7E82FBDBDEA002D9CC4 /* SwiftUI.framework */ = {isa = PBXFileReference; lastKnownFileType = wrapper.framework; name = SwiftUI.framework; path = System/Library/Frameworks/SwiftUI.framework; sourceTree = SDKROOT; };
		01CF6C3B2FE482A600C1B37C /* AppIntents.framework */ = {isa = PBXFileReference; lastKnownFileType = wrapper.framework; name = AppIntents.framework; path = System/Library/Frameworks/AppIntents.framework; sourceTree = SDKROOT; };
		01CF6CCB2FE54B8800C1B37C /* Studio Watch App Watch App.app */ = {isa = PBXFileReference; explicitFileType = wrapper.application; includeInIndex = 0; path = "Studio Watch App Watch App.app"; sourceTree = BUILT_PRODUCTS_DIR; };
		01CF6CDA2FE54BB200C1B37C /* StudioWatchComplicationExtension.appex */ = {isa = PBXFileReference; explicitFileType = "wrapper.app-extension"; includeInIndex = 0; path = StudioWatchComplicationExtension.appex; sourceTree = BUILT_PRODUCTS_DIR; };
		01CF6CF22FE54D2C00C1B37C /* StudioWatchComplicationExtension.entitlements */ = {isa = PBXFileReference; lastKnownFileType = text.plist.entitlements; path = StudioWatchComplicationExtension.entitlements; sourceTree = "<group>"; };
		01CF6D052FE5951C00C1B37C /* StudioIntents.swift */ = {isa = PBXFileReference; lastKnownFileType = sourcecode.swift; path = StudioIntents.swift; sourceTree = "<group>"; };
/* End PBXFileReference section */

/* Begin PBXFileSystemSynchronizedBuildFileExceptionSet section */
		01BAB7FB2FBDBDF0002D9CC4 /* Exceptions for "widgetstudio" folder in "widgetstudioExtension" target */ = {
			isa = PBXFileSystemSynchronizedBuildFileExceptionSet;
			membershipExceptions = (
				Info.plist,
			);
			target = 01BAB7E32FBDBDE8002D9CC4 /* widgetstudioExtension */;
		};
		01BAB8012FBDC1CC002D9CC4 /* Exceptions for "widgetstudio" folder in "studio" target */ = {
			isa = PBXFileSystemSynchronizedBuildFileExceptionSet;
			membershipExceptions = (
				AppIntent.swift,
				widgetstudioLiveActivity.swift,
			);
			target = 01BAB7D12FBDBD42002D9CC4 /* studio */;
		};
		01BAB8032FBDC1E6002D9CC4 /* Exceptions for "studio" folder in "widgetstudioExtension" target */ = {
			isa = PBXFileSystemSynchronizedBuildFileExceptionSet;
			membershipExceptions = (
				AppConstants.swift,
				StudioFocusFilterIntent.swift,
			);
			target = 01BAB7E32FBDBDE8002D9CC4 /* widgetstudioExtension */;
		};
		01BAB8312FBF19BF002D9CC4 /* Exceptions for "studio" folder in "studio" target */ = {
			isa = PBXFileSystemSynchronizedBuildFileExceptionSet;
			membershipExceptions = (
				ActiveSessionWatchView.swift,
				Info.plist,
				WatchConnector.swift,
				WatchContentView.swift,
			);
			target = 01BAB7D12FBDBD42002D9CC4 /* studio */;
		};
		01CF6CEC2FE54BB300C1B37C /* Exceptions for "StudioWatchComplication" folder in "StudioWatchComplicationExtension" target */ = {
			isa = PBXFileSystemSynchronizedBuildFileExceptionSet;
			membershipExceptions = (
				Info.plist,
			);
			target = 01CF6CD92FE54BB200C1B37C /* StudioWatchComplicationExtension */;
		};
		01CF6CFA2FE54DC600C1B37C /* Exceptions for "studio" folder in "Studio Watch App Watch App" target */ = {
			isa = PBXFileSystemSynchronizedBuildFileExceptionSet;
			membershipExceptions = (
				ActiveSessionWatchView.swift,
				StudioWatchShared.swift,
				WatchConnector.swift,
				WatchContentView.swift,
			);
			target = 01CF6CCA2FE54B8800C1B37C /* Studio Watch App Watch App */;
		};
		01CF6CFB2FE54DC600C1B37C /* Exceptions for "studio" folder in "StudioWatchComplicationExtension" target */ = {
			isa = PBXFileSystemSynchronizedBuildFileExceptionSet;
			membershipExceptions = (
				StudioWatchShared.swift,
			);
			target = 01CF6CD92FE54BB200C1B37C /* StudioWatchComplicationExtension */;
		};
/* End PBXFileSystemSynchronizedBuildFileExceptionSet section */

/* Begin PBXFileSystemSynchronizedRootGroup section */
		01BAB7D42FBDBD42002D9CC4 /* studio */ = {
			isa = PBXFileSystemSynchronizedRootGroup;
			exceptions = (
				01BAB8312FBF19BF002D9CC4 /* Exceptions for "studio" folder in "studio" target */,
				01BAB8032FBDC1E6002D9CC4 /* Exceptions for "studio" folder in "widgetstudioExtension" target */,
				01CF6CFA2FE54DC600C1B37C /* Exceptions for "studio" folder in "Studio Watch App Watch App" target */,
				01CF6CFB2FE54DC600C1B37C /* Exceptions for "studio" folder in "StudioWatchComplicationExtension" target */,
			);
			path = studio;
			sourceTree = "<group>";
		};
		01BAB7EA2FBDBDEA002D9CC4 /* widgetstudio */ = {
			isa = PBXFileSystemSynchronizedRootGroup;
			exceptions = (
				01BAB8012FBDC1CC002D9CC4 /* Exceptions for "widgetstudio" folder in "studio" target */,
				01BAB7FB2FBDBDF0002D9CC4 /* Exceptions for "widgetstudio" folder in "widgetstudioExtension" target */,
			);
			path = widgetstudio;
			sourceTree = "<group>";
		};
		01CF6CCC2FE54B8800C1B37C /* Studio Watch App Watch App */ = {
			isa = PBXFileSystemSynchronizedRootGroup;
			path = "Studio Watch App Watch App";
			sourceTree = "<group>";
		};
		01CF6CDD2FE54BB200C1B37C /* StudioWatchComplication */ = {
			isa = PBXFileSystemSynchronizedRootGroup;
			exceptions = (
				01CF6CEC2FE54BB300C1B37C /* Exceptions for "StudioWatchComplication" folder in "StudioWatchComplicationExtension" target */,
			);
			path = StudioWatchComplication;
			sourceTree = "<group>";
		};
/* End PBXFileSystemSynchronizedRootGroup section */

/* Begin PBXFrameworksBuildPhase section */
		01BAB7CF2FBDBD42002D9CC4 /* Frameworks */ = {
			isa = PBXFrameworksBuildPhase;
			buildActionMask = 2147483647;
			files = (
				01CF6C3C2FE482A600C1B37C /* AppIntents.framework in Frameworks */,
			);
			runOnlyForDeploymentPostprocessing = 0;
		};
		01BAB7E12FBDBDE8002D9CC4 /* Frameworks */ = {
			isa = PBXFrameworksBuildPhase;
			buildActionMask = 2147483647;
			files = (
				01BAB7E92FBDBDEA002D9CC4 /* SwiftUI.framework in Frameworks */,
				01BAB7E72FBDBDEA002D9CC4 /* WidgetKit.framework in Frameworks */,
			);
			runOnlyForDeploymentPostprocessing = 0;
		};
		01CF6CC82FE54B8800C1B37C /* Frameworks */ = {
			isa = PBXFrameworksBuildPhase;
			buildActionMask = 2147483647;
			files = (
			);
			runOnlyForDeploymentPostprocessing = 0;
		};
		01CF6CD72FE54BB200C1B37C /* Frameworks */ = {
			isa = PBXFrameworksBuildPhase;
			buildActionMask = 2147483647;
			files = (
				01CF6CDC2FE54BB200C1B37C /* SwiftUI.framework in Frameworks */,
				01CF6CDB2FE54BB200C1B37C /* WidgetKit.framework in Frameworks */,
			);
			runOnlyForDeploymentPostprocessing = 0;
		};
/* End PBXFrameworksBuildPhase section */

/* Begin PBXGroup section */
		01BAB7C92FBDBD42002D9CC4 = {
			isa = PBXGroup;
			children = (
				01CF6D052FE5951C00C1B37C /* StudioIntents.swift */,
				01CF6CF22FE54D2C00C1B37C /* StudioWatchComplicationExtension.entitlements */,
				01BAB7D42FBDBD42002D9CC4 /* studio */,
				01BAB7EA2FBDBDEA002D9CC4 /* widgetstudio */,
				01CF6CCC2FE54B8800C1B37C /* Studio Watch App Watch App */,
				01CF6CDD2FE54BB200C1B37C /* StudioWatchComplication */,
				01BAB7E52FBDBDE9002D9CC4 /* Frameworks */,
				01BAB7D32FBDBD42002D9CC4 /* Products */,
			);
			sourceTree = "<group>";
		};
		01BAB7D32FBDBD42002D9CC4 /* Products */ = {
			isa = PBXGroup;
			children = (
				01BAB7D22FBDBD42002D9CC4 /* studio.app */,
				01BAB7E42FBDBDE8002D9CC4 /* widgetstudioExtension.appex */,
				01CF6CCB2FE54B8800C1B37C /* Studio Watch App Watch App.app */,
				01CF6CDA2FE54BB200C1B37C /* StudioWatchComplicationExtension.appex */,
			);
			name = Products;
			sourceTree = "<group>";
		};
		01BAB7E52FBDBDE9002D9CC4 /* Frameworks */ = {
			isa = PBXGroup;
			children = (
				01CF6C3B2FE482A600C1B37C /* AppIntents.framework */,
				01BAB7E62FBDBDE9002D9CC4 /* WidgetKit.framework */,
				01BAB7E82FBDBDEA002D9CC4 /* SwiftUI.framework */,
			);
			name = Frameworks;
			sourceTree = "<group>";
		};
/* End PBXGroup section */

/* Begin PBXNativeTarget section */
		01BAB7D12FBDBD42002D9CC4 /* studio */ = {
			isa = PBXNativeTarget;
			buildConfigurationList = 01BAB7DD2FBDBD43002D9CC4 /* Build configuration list for PBXNativeTarget "studio" */;
			buildPhases = (
				01BAB7CE2FBDBD42002D9CC4 /* Sources */,
				01BAB7CF2FBDBD42002D9CC4 /* Frameworks */,
				01BAB7D02FBDBD42002D9CC4 /* Resources */,
				01BAB7FF2FBDBDF0002D9CC4 /* Embed Foundation Extensions */,
				01CF6C992FE54A9700C1B37C /* Embed Watch Content */,
			);
			buildRules = (
			);
			dependencies = (
				01E5B6482FE6A0910047530A /* PBXTargetDependency */,
				01BAB7F92FBDBDF0002D9CC4 /* PBXTargetDependency */,
			);
			fileSystemSynchronizedGroups = (
				01BAB7D42FBDBD42002D9CC4 /* studio */,
			);
			name = studio;
			packageProductDependencies = (
			);
			productName = studio;
			productReference = 01BAB7D22FBDBD42002D9CC4 /* studio.app */;
			productType = "com.apple.product-type.application";
		};
		01BAB7E32FBDBDE8002D9CC4 /* widgetstudioExtension */ = {
			isa = PBXNativeTarget;
			buildConfigurationList = 01BAB7FC2FBDBDF0002D9CC4 /* Build configuration list for PBXNativeTarget "widgetstudioExtension" */;
			buildPhases = (
				01BAB7E02FBDBDE8002D9CC4 /* Sources */,
				01BAB7E12FBDBDE8002D9CC4 /* Frameworks */,
				01BAB7E22FBDBDE8002D9CC4 /* Resources */,
			);
			buildRules = (
			);
			dependencies = (
			);
			fileSystemSynchronizedGroups = (
				01BAB7EA2FBDBDEA002D9CC4 /* widgetstudio */,
			);
			name = widgetstudioExtension;
			packageProductDependencies = (
			);
			productName = widgetstudioExtension;
			productReference = 01BAB7E42FBDBDE8002D9CC4 /* widgetstudioExtension.appex */;
			productType = "com.apple.product-type.app-extension";
		};
		01CF6CCA2FE54B8800C1B37C /* Studio Watch App Watch App */ = {
			isa = PBXNativeTarget;
			buildConfigurationList = 01CF6CD32FE54B8A00C1B37C /* Build configuration list for PBXNativeTarget "Studio Watch App Watch App" */;
			buildPhases = (
				01CF6CC72FE54B8800C1B37C /* Sources */,
				01CF6CC82FE54B8800C1B37C /* Frameworks */,
				01CF6CC92FE54B8800C1B37C /* Resources */,
				01CF6CF02FE54BB300C1B37C /* Embed Foundation Extensions */,
			);
			buildRules = (
			);
			dependencies = (
				01CF6CEA2FE54BB300C1B37C /* PBXTargetDependency */,
			);
			fileSystemSynchronizedGroups = (
				01CF6CCC2FE54B8800C1B37C /* Studio Watch App Watch App */,
			);
			name = "Studio Watch App Watch App";
			packageProductDependencies = (
			);
			productName = "Studio Watch App Watch App";
			productReference = 01CF6CCB2FE54B8800C1B37C /* Studio Watch App Watch App.app */;
			productType = "com.apple.product-type.application";
		};
		01CF6CD92FE54BB200C1B37C /* StudioWatchComplicationExtension */ = {
			isa = PBXNativeTarget;
			buildConfigurationList = 01CF6CED2FE54BB300C1B37C /* Build configuration list for PBXNativeTarget "StudioWatchComplicationExtension" */;
			buildPhases = (
				01CF6CD62FE54BB200C1B37C /* Sources */,
				01CF6CD72FE54BB200C1B37C /* Frameworks */,
				01CF6CD82FE54BB200C1B37C /* Resources */,
			);
			buildRules = (
			);
			dependencies = (
			);
			fileSystemSynchronizedGroups = (
				01CF6CDD2FE54BB200C1B37C /* StudioWatchComplication */,
			);
			name = StudioWatchComplicationExtension;
			packageProductDependencies = (
			);
			productName = StudioWatchComplicationExtension;
			productReference = 01CF6CDA2FE54BB200C1B37C /* StudioWatchComplicationExtension.appex */;
			productType = "com.apple.product-type.app-extension";
		};
/* End PBXNativeTarget section */

/* Begin PBXProject section */
		01BAB7CA2FBDBD42002D9CC4 /* Project object */ = {
			isa = PBXProject;
			attributes = {
				BuildIndependentTargetsInParallel = 1;
				LastSwiftUpdateCheck = 2700;
				LastUpgradeCheck = 2700;
				TargetAttributes = {
					01BAB7D12FBDBD42002D9CC4 = {
						CreatedOnToolsVersion = 26.5;
					};
					01BAB7E32FBDBDE8002D9CC4 = {
						CreatedOnToolsVersion = 26.5;
					};
					01CF6CCA2FE54B8800C1B37C = {
						CreatedOnToolsVersion = 27.0;
					};
					01CF6CD92FE54BB200C1B37C = {
						CreatedOnToolsVersion = 27.0;
					};
				};
			};
			buildConfigurationList = 01BAB7CD2FBDBD42002D9CC4 /* Build configuration list for PBXProject "studio" */;
			developmentRegion = en;
			hasScannedForEncodings = 0;
			knownRegions = (
				en,
				Base,
			);
			mainGroup = 01BAB7C92FBDBD42002D9CC4;
			minimizedProjectReferenceProxies = 1;
			preferredProjectObjectVersion = 77;
			productRefGroup = 01BAB7D32FBDBD42002D9CC4 /* Products */;
			projectDirPath = "";
			projectRoot = "";
			targets = (
				01BAB7D12FBDBD42002D9CC4 /* studio */,
				01BAB7E32FBDBDE8002D9CC4 /* widgetstudioExtension */,
				01CF6CCA2FE54B8800C1B37C /* Studio Watch App Watch App */,
				01CF6CD92FE54BB200C1B37C /* StudioWatchComplicationExtension */,
			);
		};
/* End PBXProject section */

/* Begin PBXResourcesBuildPhase section */
		01BAB7D02FBDBD42002D9CC4 /* Resources */ = {
			isa = PBXResourcesBuildPhase;
			buildActionMask = 2147483647;
			files = (
			);
			runOnlyForDeploymentPostprocessing = 0;
		};
		01BAB7E22FBDBDE8002D9CC4 /* Resources */ = {
			isa = PBXResourcesBuildPhase;
			buildActionMask = 2147483647;
			files = (
			);
			runOnlyForDeploymentPostprocessing = 0;
		};
		01CF6CC92FE54B8800C1B37C /* Resources */ = {
			isa = PBXResourcesBuildPhase;
			buildActionMask = 2147483647;
			files = (
			);
			runOnlyForDeploymentPostprocessing = 0;
		};
		01CF6CD82FE54BB200C1B37C /* Resources */ = {
			isa = PBXResourcesBuildPhase;
			buildActionMask = 2147483647;
			files = (
			);
			runOnlyForDeploymentPostprocessing = 0;
		};
/* End PBXResourcesBuildPhase section */

/* Begin PBXSourcesBuildPhase section */
		01BAB7CE2FBDBD42002D9CC4 /* Sources */ = {
			isa = PBXSourcesBuildPhase;
			buildActionMask = 2147483647;
			files = (
				01CF6D072FE5954B00C1B37C /* StudioIntents.swift in Sources */,
			);
			runOnlyForDeploymentPostprocessing = 0;
		};
		01BAB7E02FBDBDE8002D9CC4 /* Sources */ = {
			isa = PBXSourcesBuildPhase;
			buildActionMask = 2147483647;
			files = (
				01CF6D082FE5954B00C1B37C /* StudioIntents.swift in Sources */,
			);
			runOnlyForDeploymentPostprocessing = 0;
		};
		01CF6CC72FE54B8800C1B37C /* Sources */ = {
			isa = PBXSourcesBuildPhase;
			buildActionMask = 2147483647;
			files = (
			);
			runOnlyForDeploymentPostprocessing = 0;
		};
		01CF6CD62FE54BB200C1B37C /* Sources */ = {
			isa = PBXSourcesBuildPhase;
			buildActionMask = 2147483647;
			files = (
			);
			runOnlyForDeploymentPostprocessing = 0;
		};
/* End PBXSourcesBuildPhase section */

/* Begin PBXTargetDependency section */
		01BAB7F92FBDBDF0002D9CC4 /* PBXTargetDependency */ = {
			isa = PBXTargetDependency;
			target = 01BAB7E32FBDBDE8002D9CC4 /* widgetstudioExtension */;
			targetProxy = 01BAB7F82FBDBDF0002D9CC4 /* PBXContainerItemProxy */;
		};
		01CF6CEA2FE54BB300C1B37C /* PBXTargetDependency */ = {
			isa = PBXTargetDependency;
			target = 01CF6CD92FE54BB200C1B37C /* StudioWatchComplicationExtension */;
			targetProxy = 01CF6CE92FE54BB300C1B37C /* PBXContainerItemProxy */;
		};
		01E5B6482FE6A0910047530A /* PBXTargetDependency */ = {
			isa = PBXTargetDependency;
			target = 01CF6CCA2FE54B8800C1B37C /* Studio Watch App Watch App */;
			targetProxy = 01E5B6472FE6A0910047530A /* PBXContainerItemProxy */;
		};
/* End PBXTargetDependency section */

/* Begin XCBuildConfiguration section */
		01BAB7DB2FBDBD43002D9CC4 /* Debug */ = {
			isa = XCBuildConfiguration;
			buildSettings = {
				ALWAYS_SEARCH_USER_PATHS = NO;
				ASSETCATALOG_COMPILER_GENERATE_SWIFT_ASSET_SYMBOL_EXTENSIONS = YES;
				CLANG_ANALYZER_NONNULL = YES;
				CLANG_ANALYZER_NUMBER_OBJECT_CONVERSION = YES_AGGRESSIVE;
				CLANG_CXX_LANGUAGE_STANDARD = "gnu++20";
				CLANG_ENABLE_MODULES = YES;
				CLANG_ENABLE_OBJC_ARC = YES;
				CLANG_ENABLE_OBJC_WEAK = YES;
				CLANG_WARN_BLOCK_CAPTURE_AUTORELEASING = YES;
				CLANG_WARN_BOOL_CONVERSION = YES;
				CLANG_WARN_COMMA = YES;
				CLANG_WARN_CONSTANT_CONVERSION = YES;
				CLANG_WARN_DEPRECATED_OBJC_IMPLEMENTATIONS = YES;
				CLANG_WARN_DIRECT_OBJC_ISA_USAGE = YES_ERROR;
				CLANG_WARN_DOCUMENTATION_COMMENTS = YES;
				CLANG_WARN_EMPTY_BODY = YES;
				CLANG_WARN_ENUM_CONVERSION = YES;
				CLANG_WARN_INFINITE_RECURSION = YES;
				CLANG_WARN_INT_CONVERSION = YES;
				CLANG_WARN_NON_LITERAL_NULL_CONVERSION = YES;
				CLANG_WARN_OBJC_IMPLICIT_RETAIN_SELF = YES;
				CLANG_WARN_OBJC_LITERAL_CONVERSION = YES;
				CLANG_WARN_OBJC_ROOT_CLASS = YES_ERROR;
				CLANG_WARN_QUOTED_INCLUDE_IN_FRAMEWORK_HEADER = YES;
				CLANG_WARN_RANGE_LOOP_ANALYSIS = YES;
				CLANG_WARN_STRICT_PROTOTYPES = YES;
				CLANG_WARN_SUSPICIOUS_MOVE = YES;
				CLANG_WARN_UNGUARDED_AVAILABILITY = YES_AGGRESSIVE;
				CLANG_WARN_UNREACHABLE_CODE = YES;
				CLANG_WARN__DUPLICATE_METHOD_MATCH = YES;
				COPY_PHASE_STRIP = NO;
				DEBUG_INFORMATION_FORMAT = dwarf;
				DEVELOPMENT_TEAM = U73CJTY4S5;
				ENABLE_STRICT_OBJC_MSGSEND = YES;
				ENABLE_TESTABILITY = YES;
				ENABLE_USER_SCRIPT_SANDBOXING = YES;
				GCC_C_LANGUAGE_STANDARD = gnu17;
				GCC_DYNAMIC_NO_PIC = NO;
				GCC_NO_COMMON_BLOCKS = YES;
				GCC_OPTIMIZATION_LEVEL = 0;
				GCC_PREPROCESSOR_DEFINITIONS = (
					"DEBUG=1",
					"$(inherited)",
				);
				GCC_WARN_64_TO_32_BIT_CONVERSION = YES;
				GCC_WARN_ABOUT_RETURN_TYPE = YES_ERROR;
				GCC_WARN_UNDECLARED_SELECTOR = YES;
				GCC_WARN_UNINITIALIZED_AUTOS = YES_AGGRESSIVE;
				GCC_WARN_UNUSED_FUNCTION = YES;
				GCC_WARN_UNUSED_VARIABLE = YES;
				GENERATE_INFOPLIST_FILE = NO;
				IPHONEOS_DEPLOYMENT_TARGET = 26.5;
				LOCALIZATION_PREFERS_STRING_CATALOGS = YES;
				MTL_ENABLE_DEBUG_INFO = INCLUDE_SOURCE;
				MTL_FAST_MATH = YES;
				ONLY_ACTIVE_ARCH = YES;
				SDKROOT = iphoneos;
				STRING_CATALOG_GENERATE_SYMBOLS = YES;
				SWIFT_ACTIVE_COMPILATION_CONDITIONS = "DEBUG $(inherited)";
				SWIFT_OPTIMIZATION_LEVEL = "-Onone";
			};
			name = Debug;
		};
		01BAB7DC2FBDBD43002D9CC4 /* Release */ = {
			isa = XCBuildConfiguration;
			buildSettings = {
				ALWAYS_SEARCH_USER_PATHS = NO;
				ASSETCATALOG_COMPILER_GENERATE_SWIFT_ASSET_SYMBOL_EXTENSIONS = YES;
				CLANG_ANALYZER_NONNULL = YES;
				CLANG_ANALYZER_NUMBER_OBJECT_CONVERSION = YES_AGGRESSIVE;
				CLANG_CXX_LANGUAGE_STANDARD = "gnu++20";
				CLANG_ENABLE_MODULES = YES;
				CLANG_ENABLE_OBJC_ARC = YES;
				CLANG_ENABLE_OBJC_WEAK = YES;
				CLANG_WARN_BLOCK_CAPTURE_AUTORELEASING = YES;
				CLANG_WARN_BOOL_CONVERSION = YES;
				CLANG_WARN_COMMA = YES;
				CLANG_WARN_CONSTANT_CONVERSION = YES;
				CLANG_WARN_DEPRECATED_OBJC_IMPLEMENTATIONS = YES;
				CLANG_WARN_DIRECT_OBJC_ISA_USAGE = YES_ERROR;
				CLANG_WARN_DOCUMENTATION_COMMENTS = YES;
				CLANG_WARN_EMPTY_BODY = YES;
				CLANG_WARN_ENUM_CONVERSION = YES;
				CLANG_WARN_INFINITE_RECURSION = YES;
				CLANG_WARN_INT_CONVERSION = YES;
				CLANG_WARN_NON_LITERAL_NULL_CONVERSION = YES;
				CLANG_WARN_OBJC_IMPLICIT_RETAIN_SELF = YES;
				CLANG_WARN_OBJC_LITERAL_CONVERSION = YES;
				CLANG_WARN_OBJC_ROOT_CLASS = YES_ERROR;
				CLANG_WARN_QUOTED_INCLUDE_IN_FRAMEWORK_HEADER = YES;
				CLANG_WARN_RANGE_LOOP_ANALYSIS = YES;
				CLANG_WARN_STRICT_PROTOTYPES = YES;
				CLANG_WARN_SUSPICIOUS_MOVE = YES;
				CLANG_WARN_UNGUARDED_AVAILABILITY = YES_AGGRESSIVE;
				CLANG_WARN_UNREACHABLE_CODE = YES;
				CLANG_WARN__DUPLICATE_METHOD_MATCH = YES;
				COPY_PHASE_STRIP = NO;
				DEBUG_INFORMATION_FORMAT = "dwarf-with-dsym";
				DEVELOPMENT_TEAM = U73CJTY4S5;
				ENABLE_NS_ASSERTIONS = NO;
				ENABLE_STRICT_OBJC_MSGSEND = YES;
				ENABLE_USER_SCRIPT_SANDBOXING = YES;
				GCC_C_LANGUAGE_STANDARD = gnu17;
				GCC_NO_COMMON_BLOCKS = YES;
				GCC_WARN_64_TO_32_BIT_CONVERSION = YES;
				GCC_WARN_ABOUT_RETURN_TYPE = YES_ERROR;
				GCC_WARN_UNDECLARED_SELECTOR = YES;
				GCC_WARN_UNINITIALIZED_AUTOS = YES_AGGRESSIVE;
				GCC_WARN_UNUSED_FUNCTION = YES;
				GCC_WARN_UNUSED_VARIABLE = YES;
				GENERATE_INFOPLIST_FILE = NO;
				IPHONEOS_DEPLOYMENT_TARGET = 26.5;
				LOCALIZATION_PREFERS_STRING_CATALOGS = YES;
				MTL_ENABLE_DEBUG_INFO = NO;
				MTL_FAST_MATH = YES;
				SDKROOT = iphoneos;
				STRING_CATALOG_GENERATE_SYMBOLS = YES;
				SWIFT_COMPILATION_MODE = wholemodule;
				VALIDATE_PRODUCT = YES;
			};
			name = Release;
		};
		01BAB7DE2FBDBD43002D9CC4 /* Debug */ = {
			isa = XCBuildConfiguration;
			buildSettings = {
				ASSETCATALOG_COMPILER_APPICON_NAME = AppIcon;
				ASSETCATALOG_COMPILER_GLOBAL_ACCENT_COLOR_NAME = AccentColor;
				CODE_SIGN_ENTITLEMENTS = studio/studio.entitlements;
				CODE_SIGN_STYLE = Automatic;
				CURRENT_PROJECT_VERSION = 12;
				DEVELOPMENT_TEAM = FC4758TVE2;
				ENABLE_PREVIEWS = YES;
				GENERATE_INFOPLIST_FILE = YES;
				INFOPLIST_FILE = studio/Info.plist;
				INFOPLIST_KEY_NSSupportsLiveActivities = YES;
				INFOPLIST_KEY_UIApplicationSceneManifest_Generation = YES;
				INFOPLIST_KEY_UIApplicationSupportsIndirectInputEvents = YES;
				INFOPLIST_KEY_UILaunchScreen_Generation = YES;
				INFOPLIST_KEY_UISupportedInterfaceOrientations = UIInterfaceOrientationPortrait;
				INFOPLIST_KEY_UISupportedInterfaceOrientations_iPad = "UIInterfaceOrientationLandscapeLeft UIInterfaceOrientationLandscapeRight UIInterfaceOrientationPortrait UIInterfaceOrientationPortraitUpsideDown";
				IPHONEOS_DEPLOYMENT_TARGET = 26.5;
				LD_RUNPATH_SEARCH_PATHS = (
					"$(inherited)",
					"@executable_path/Frameworks",
				);
				MARKETING_VERSION = 1.0;
				PRODUCT_BUNDLE_IDENTIFIER = "Politecnico-di-milano.studioso";
				PRODUCT_NAME = "$(TARGET_NAME)";
				STRING_CATALOG_GENERATE_SYMBOLS = YES;
				SUPPORTED_PLATFORMS = "iphoneos iphonesimulator";
				SUPPORTS_MACCATALYST = NO;
				SUPPORTS_MAC_DESIGNED_FOR_IPHONE_IPAD = NO;
				SUPPORTS_XR_DESIGNED_FOR_IPHONE_IPAD = NO;
				SWIFT_APPROACHABLE_CONCURRENCY = YES;
				SWIFT_DEFAULT_ACTOR_ISOLATION = MainActor;
				SWIFT_EMIT_LOC_STRINGS = YES;
				SWIFT_UPCOMING_FEATURE_MEMBER_IMPORT_VISIBILITY = YES;
				SWIFT_VERSION = 5.0;
				TARGETED_DEVICE_FAMILY = 1;
			};
			name = Debug;
		};
		01BAB7DF2FBDBD43002D9CC4 /* Release */ = {
			isa = XCBuildConfiguration;
			buildSettings = {
				ASSETCATALOG_COMPILER_APPICON_NAME = AppIcon;
				ASSETCATALOG_COMPILER_GLOBAL_ACCENT_COLOR_NAME = AccentColor;
				CODE_SIGN_ENTITLEMENTS = studio/studio.entitlements;
				CODE_SIGN_STYLE = Automatic;
				CURRENT_PROJECT_VERSION = 12;
				DEVELOPMENT_TEAM = FC4758TVE2;
				ENABLE_PREVIEWS = YES;
				GENERATE_INFOPLIST_FILE = YES;
				INFOPLIST_FILE = studio/Info.plist;
				INFOPLIST_KEY_NSSupportsLiveActivities = YES;
				INFOPLIST_KEY_UIApplicationSceneManifest_Generation = YES;
				INFOPLIST_KEY_UIApplicationSupportsIndirectInputEvents = YES;
				INFOPLIST_KEY_UILaunchScreen_Generation = YES;
				INFOPLIST_KEY_UISupportedInterfaceOrientations = UIInterfaceOrientationPortrait;
				INFOPLIST_KEY_UISupportedInterfaceOrientations_iPad = "UIInterfaceOrientationLandscapeLeft UIInterfaceOrientationLandscapeRight UIInterfaceOrientationPortrait UIInterfaceOrientationPortraitUpsideDown";
				IPHONEOS_DEPLOYMENT_TARGET = 26.5;
				LD_RUNPATH_SEARCH_PATHS = (
					"$(inherited)",
					"@executable_path/Frameworks",
				);
				MARKETING_VERSION = 1.0;
				PRODUCT_BUNDLE_IDENTIFIER = "Politecnico-di-milano.studioso";
				PRODUCT_NAME = "$(TARGET_NAME)";
				STRING_CATALOG_GENERATE_SYMBOLS = YES;
				SUPPORTED_PLATFORMS = "iphoneos iphonesimulator";
				SUPPORTS_MACCATALYST = NO;
				SUPPORTS_MAC_DESIGNED_FOR_IPHONE_IPAD = NO;
				SUPPORTS_XR_DESIGNED_FOR_IPHONE_IPAD = NO;
				SWIFT_APPROACHABLE_CONCURRENCY = YES;
				SWIFT_DEFAULT_ACTOR_ISOLATION = MainActor;
				SWIFT_EMIT_LOC_STRINGS = YES;
				SWIFT_UPCOMING_FEATURE_MEMBER_IMPORT_VISIBILITY = YES;
				SWIFT_VERSION = 5.0;
				TARGETED_DEVICE_FAMILY = 1;
			};
			name = Release;
		};
		01BAB7FD2FBDBDF0002D9CC4 /* Debug */ = {
			isa = XCBuildConfiguration;
			buildSettings = {
				ASSETCATALOG_COMPILER_GLOBAL_ACCENT_COLOR_NAME = AccentColor;
				ASSETCATALOG_COMPILER_WIDGET_BACKGROUND_COLOR_NAME = WidgetBackground;
				CODE_SIGN_STYLE = Automatic;
				CURRENT_PROJECT_VERSION = 12;
				DEVELOPMENT_TEAM = FC4758TVE2;
				GENERATE_INFOPLIST_FILE = YES;
				INFOPLIST_FILE = widgetstudio/Info.plist;
				INFOPLIST_KEY_CFBundleDisplayName = widgetstudio;
				INFOPLIST_KEY_NSAppleMusicUsageDescription = "l'app accede alle librerie musicali per riprodurre contenuti multimediali durante le sessioni di studio";
				INFOPLIST_KEY_NSHumanReadableCopyright = "";
				INFOPLIST_KEY_NSSupportsLiveActivities = YES;
				LD_RUNPATH_SEARCH_PATHS = (
					"$(inherited)",
					"@executable_path/Frameworks",
					"@executable_path/../../Frameworks",
				);
				MARKETING_VERSION = 1.0;
				PRODUCT_BUNDLE_IDENTIFIER = "Politecnico-di-milano.studioso.widgetstudio";
				PRODUCT_NAME = "$(TARGET_NAME)";
				REGISTER_APP_GROUPS = YES;
				SKIP_INSTALL = YES;
				STRING_CATALOG_GENERATE_SYMBOLS = YES;
				SWIFT_APPROACHABLE_CONCURRENCY = YES;
				SWIFT_EMIT_LOC_STRINGS = YES;
				SWIFT_UPCOMING_FEATURE_MEMBER_IMPORT_VISIBILITY = YES;
				SWIFT_VERSION = 5.0;
				TARGETED_DEVICE_FAMILY = "1,2";
			};
			name = Debug;
		};
		01BAB7FE2FBDBDF0002D9CC4 /* Release */ = {
			isa = XCBuildConfiguration;
			buildSettings = {
				ASSETCATALOG_COMPILER_GLOBAL_ACCENT_COLOR_NAME = AccentColor;
				ASSETCATALOG_COMPILER_WIDGET_BACKGROUND_COLOR_NAME = WidgetBackground;
				CODE_SIGN_STYLE = Automatic;
				CURRENT_PROJECT_VERSION = 12;
				DEVELOPMENT_TEAM = FC4758TVE2;
				GENERATE_INFOPLIST_FILE = YES;
				INFOPLIST_FILE = widgetstudio/Info.plist;
				INFOPLIST_KEY_CFBundleDisplayName = widgetstudio;
				INFOPLIST_KEY_NSAppleMusicUsageDescription = "l'app accede alle librerie musicali per riprodurre contenuti multimediali durante le sessioni di studio";
				INFOPLIST_KEY_NSHumanReadableCopyright = "";
				INFOPLIST_KEY_NSSupportsLiveActivities = YES;
				LD_RUNPATH_SEARCH_PATHS = (
					"$(inherited)",
					"@executable_path/Frameworks",
					"@executable_path/../../Frameworks",
				);
				MARKETING_VERSION = 1.0;
				PRODUCT_BUNDLE_IDENTIFIER = "Politecnico-di-milano.studioso.widgetstudio";
				PRODUCT_NAME = "$(TARGET_NAME)";
				REGISTER_APP_GROUPS = YES;
				SKIP_INSTALL = YES;
				STRING_CATALOG_GENERATE_SYMBOLS = YES;
				SWIFT_APPROACHABLE_CONCURRENCY = YES;
				SWIFT_EMIT_LOC_STRINGS = YES;
				SWIFT_UPCOMING_FEATURE_MEMBER_IMPORT_VISIBILITY = YES;
				SWIFT_VERSION = 5.0;
				TARGETED_DEVICE_FAMILY = "1,2";
			};
			name = Release;
		};
		01CF6CD42FE54B8A00C1B37C /* Debug */ = {
			isa = XCBuildConfiguration;
			buildSettings = {
				ASSETCATALOG_COMPILER_APPICON_NAME = AppIcon;
				ASSETCATALOG_COMPILER_GLOBAL_ACCENT_COLOR_NAME = AccentColor;
				ASSETCATALOG_COMPILER_INCLUDE_ALL_APPICON_ASSETS = NO;
				CODE_SIGN_ENTITLEMENTS = "Studio Watch App Watch App/Studio Watch App Watch App.entitlements";
				CODE_SIGN_STYLE = Automatic;
				CURRENT_PROJECT_VERSION = 12;
				DEVELOPMENT_TEAM = FC4758TVE2;
				ENABLE_PREVIEWS = YES;
				GENERATE_INFOPLIST_FILE = YES;
				INFOPLIST_FILE = "Studio-Watch-App-Watch-App-Info.plist";
				INFOPLIST_KEY_CFBundleDisplayName = "Studio Watch App";
				INFOPLIST_KEY_LSApplicationCategoryType = "";
				INFOPLIST_KEY_UISupportedInterfaceOrientations = "UIInterfaceOrientationPortrait UIInterfaceOrientationPortraitUpsideDown";
				INFOPLIST_KEY_WKCompanionAppBundleIdentifier = "Politecnico-di-milano.studioso";
				LD_RUNPATH_SEARCH_PATHS = (
					"$(inherited)",
					"@executable_path/Frameworks",
				);
				MARKETING_VERSION = 1.0;
				PRODUCT_BUNDLE_IDENTIFIER = "Politecnico-di-milano.studioso.watchkitapp";
				PRODUCT_NAME = "$(TARGET_NAME)";
				REGISTER_APP_GROUPS = YES;
				SDKROOT = watchos;
				SKIP_INSTALL = YES;
				STRING_CATALOG_GENERATE_SYMBOLS = YES;
				SWIFT_APPROACHABLE_CONCURRENCY = YES;
				SWIFT_DEFAULT_ACTOR_ISOLATION = MainActor;
				SWIFT_EMIT_LOC_STRINGS = YES;
				SWIFT_UPCOMING_FEATURE_MEMBER_IMPORT_VISIBILITY = YES;
				SWIFT_VERSION = 5.0;
				TARGETED_DEVICE_FAMILY = 4;
				WATCHOS_DEPLOYMENT_TARGET = 26.5;
			};
			name = Debug;
		};
		01CF6CD52FE54B8A00C1B37C /* Release */ = {
			isa = XCBuildConfiguration;
			buildSettings = {
				ASSETCATALOG_COMPILER_APPICON_NAME = AppIcon;
				ASSETCATALOG_COMPILER_GLOBAL_ACCENT_COLOR_NAME = AccentColor;
				ASSETCATALOG_COMPILER_INCLUDE_ALL_APPICON_ASSETS = NO;
				CODE_SIGN_ENTITLEMENTS = "Studio Watch App Watch App/Studio Watch App Watch App.entitlements";
				CODE_SIGN_STYLE = Automatic;
				CURRENT_PROJECT_VERSION = 12;
				DEVELOPMENT_TEAM = FC4758TVE2;
				ENABLE_PREVIEWS = YES;
				GENERATE_INFOPLIST_FILE = YES;
				INFOPLIST_FILE = "Studio-Watch-App-Watch-App-Info.plist";
				INFOPLIST_KEY_CFBundleDisplayName = "Studio Watch App";
				INFOPLIST_KEY_LSApplicationCategoryType = "";
				INFOPLIST_KEY_UISupportedInterfaceOrientations = "UIInterfaceOrientationPortrait UIInterfaceOrientationPortraitUpsideDown";
				INFOPLIST_KEY_WKCompanionAppBundleIdentifier = "Politecnico-di-milano.studioso";
				LD_RUNPATH_SEARCH_PATHS = (
					"$(inherited)",
					"@executable_path/Frameworks",
				);
				MARKETING_VERSION = 1.0;
				PRODUCT_BUNDLE_IDENTIFIER = "Politecnico-di-milano.studioso.watchkitapp";
				PRODUCT_NAME = "$(TARGET_NAME)";
				REGISTER_APP_GROUPS = YES;
				SDKROOT = watchos;
				SKIP_INSTALL = YES;
				STRING_CATALOG_GENERATE_SYMBOLS = YES;
				SWIFT_APPROACHABLE_CONCURRENCY = YES;
				SWIFT_DEFAULT_ACTOR_ISOLATION = MainActor;
				SWIFT_EMIT_LOC_STRINGS = YES;
				SWIFT_UPCOMING_FEATURE_MEMBER_IMPORT_VISIBILITY = YES;
				SWIFT_VERSION = 5.0;
				TARGETED_DEVICE_FAMILY = 4;
				WATCHOS_DEPLOYMENT_TARGET = 26.5;
			};
			name = Release;
		};
		01CF6CEE2FE54BB300C1B37C /* Debug */ = {
			isa = XCBuildConfiguration;
			buildSettings = {
				ASSETCATALOG_COMPILER_GLOBAL_ACCENT_COLOR_NAME = AccentColor;
				ASSETCATALOG_COMPILER_WIDGET_BACKGROUND_COLOR_NAME = WidgetBackground;
				CODE_SIGN_ENTITLEMENTS = StudioWatchComplicationExtension.entitlements;
				CODE_SIGN_STYLE = Automatic;
				CURRENT_PROJECT_VERSION = 12;
				DEVELOPMENT_TEAM = FC4758TVE2;
				GENERATE_INFOPLIST_FILE = YES;
				INFOPLIST_FILE = StudioWatchComplication/Info.plist;
				INFOPLIST_KEY_CFBundleDisplayName = StudioWatchComplication;
				INFOPLIST_KEY_NSHumanReadableCopyright = "";
				LD_RUNPATH_SEARCH_PATHS = (
					"$(inherited)",
					"@executable_path/Frameworks",
					"@executable_path/../../Frameworks",
					"@executable_path/../../../../Frameworks",
				);
				MARKETING_VERSION = 1.0;
				PRODUCT_BUNDLE_IDENTIFIER = "Politecnico-di-milano.studioso.watchkitapp.StudioWatchComplication";
				PRODUCT_NAME = "$(TARGET_NAME)";
				REGISTER_APP_GROUPS = YES;
				SDKROOT = watchos;
				SKIP_INSTALL = YES;
				STRING_CATALOG_GENERATE_SYMBOLS = YES;
				SWIFT_APPROACHABLE_CONCURRENCY = YES;
				SWIFT_EMIT_LOC_STRINGS = YES;
				SWIFT_UPCOMING_FEATURE_MEMBER_IMPORT_VISIBILITY = YES;
				SWIFT_VERSION = 5.0;
				TARGETED_DEVICE_FAMILY = 4;
				WATCHOS_DEPLOYMENT_TARGET = 27.0;
			};
			name = Debug;
		};
		01CF6CEF2FE54BB300C1B37C /* Release */ = {
			isa = XCBuildConfiguration;
			buildSettings = {
				ASSETCATALOG_COMPILER_GLOBAL_ACCENT_COLOR_NAME = AccentColor;
				ASSETCATALOG_COMPILER_WIDGET_BACKGROUND_COLOR_NAME = WidgetBackground;
				CODE_SIGN_ENTITLEMENTS = StudioWatchComplicationExtension.entitlements;
				CODE_SIGN_STYLE = Automatic;
				CURRENT_PROJECT_VERSION = 12;
				DEVELOPMENT_TEAM = FC4758TVE2;
				GENERATE_INFOPLIST_FILE = YES;
				INFOPLIST_FILE = StudioWatchComplication/Info.plist;
				INFOPLIST_KEY_CFBundleDisplayName = StudioWatchComplication;
				INFOPLIST_KEY_NSHumanReadableCopyright = "";
				LD_RUNPATH_SEARCH_PATHS = (
					"$(inherited)",
					"@executable_path/Frameworks",
					"@executable_path/../../Frameworks",
					"@executable_path/../../../../Frameworks",
				);
				MARKETING_VERSION = 1.0;
				PRODUCT_BUNDLE_IDENTIFIER = "Politecnico-di-milano.studioso.watchkitapp.StudioWatchComplication";
				PRODUCT_NAME = "$(TARGET_NAME)";
				REGISTER_APP_GROUPS = YES;
				SDKROOT = watchos;
				SKIP_INSTALL = YES;
				STRING_CATALOG_GENERATE_SYMBOLS = YES;
				SWIFT_APPROACHABLE_CONCURRENCY = YES;
				SWIFT_EMIT_LOC_STRINGS = YES;
				SWIFT_UPCOMING_FEATURE_MEMBER_IMPORT_VISIBILITY = YES;
				SWIFT_VERSION = 5.0;
				TARGETED_DEVICE_FAMILY = 4;
				WATCHOS_DEPLOYMENT_TARGET = 27.0;
			};
			name = Release;
		};
/* End XCBuildConfiguration section */

/* Begin XCConfigurationList section */
		01BAB7CD2FBDBD42002D9CC4 /* Build configuration list for PBXProject "studio" */ = {
			isa = XCConfigurationList;
			buildConfigurations = (
				01BAB7DB2FBDBD43002D9CC4 /* Debug */,
				01BAB7DC2FBDBD43002D9CC4 /* Release */,
			);
			defaultConfigurationIsVisible = 0;
			defaultConfigurationName = Release;
		};
		01BAB7DD2FBDBD43002D9CC4 /* Build configuration list for PBXNativeTarget "studio" */ = {
			isa = XCConfigurationList;
			buildConfigurations = (
				01BAB7DE2FBDBD43002D9CC4 /* Debug */,
				01BAB7DF2FBDBD43002D9CC4 /* Release */,
			);
			defaultConfigurationIsVisible = 0;
			defaultConfigurationName = Release;
		};
		01BAB7FC2FBDBDF0002D9CC4 /* Build configuration list for PBXNativeTarget "widgetstudioExtension" */ = {
			isa = XCConfigurationList;
			buildConfigurations = (
				01BAB7FD2FBDBDF0002D9CC4 /* Debug */,
				01BAB7FE2FBDBDF0002D9CC4 /* Release */,
			);
			defaultConfigurationIsVisible = 0;
			defaultConfigurationName = Release;
		};
		01CF6CD32FE54B8A00C1B37C /* Build configuration list for PBXNativeTarget "Studio Watch App Watch App" */ = {
			isa = XCConfigurationList;
			buildConfigurations = (
				01CF6CD42FE54B8A00C1B37C /* Debug */,
				01CF6CD52FE54B8A00C1B37C /* Release */,
			);
			defaultConfigurationIsVisible = 0;
			defaultConfigurationName = Release;
		};
		01CF6CED2FE54BB300C1B37C /* Build configuration list for PBXNativeTarget "StudioWatchComplicationExtension" */ = {
			isa = XCConfigurationList;
			buildConfigurations = (
				01CF6CEE2FE54BB300C1B37C /* Debug */,
				01CF6CEF2FE54BB300C1B37C /* Release */,
			);
			defaultConfigurationIsVisible = 0;
			defaultConfigurationName = Release;
		};
/* End XCConfigurationList section */
	};
	rootObject = 01BAB7CA2FBDBD42002D9CC4 /* Project object */;
}
